FORGE
  remote: https://forgeapi.puppetlabs.com
  specs:
    puppetlabs-motd (1.4.0)
      puppetlabs-registry (< 2.0.0, >= 1.0.0)
      puppetlabs-stdlib (< 5.0.0, >= 2.1.0)
    puppetlabs-ntp (4.2.0)
      puppetlabs-stdlib (< 5.0.0, >= 4.6.0)
    puppetlabs-registry (1.1.3)
      puppetlabs-stdlib (>= 2.3.0)
    puppetlabs-stdlib (4.12.0)

DEPENDENCIES
  puppetlabs-motd (= 1.4.0)
  puppetlabs-ntp (= 4.2.0)
  puppetlabs-stdlib (= 4.12.0)

