FORGE
  remote: https://forgeapi.puppetlabs.com
  specs:
    ceritsc-yum (0.9.8)
      puppetlabs-stdlib (>= 4.2.0)
    elasticsearch-elasticsearch (0.14.0)
      ceritsc-yum (< 1.0.0, >= 0.9.6)
      puppetlabs-apt (< 3.0.0, >= 1.4.0)
      puppetlabs-java (< 2.0.0, >= 1.0.0)
      puppetlabs-stdlib (< 5.0.0, >= 3.2.0)
      richardc-datacat (< 1.0.0, >= 0.6.2)
    puppetlabs-apache (1.10.0)
      puppetlabs-concat (< 3.0.0, >= 1.1.1)
      puppetlabs-stdlib (< 5.0.0, >= 2.4.0)
    puppetlabs-apt (2.3.0)
      puppetlabs-stdlib (< 5.0.0, >= 4.5.0)
    puppetlabs-concat (2.2.0)
      puppetlabs-stdlib (< 5.0.0, >= 4.2.0)
    puppetlabs-java (1.6.0)
      puppetlabs-stdlib (< 5.0.0, >= 2.4.0)
    puppetlabs-motd (1.4.0)
      puppetlabs-registry (< 2.0.0, >= 1.0.0)
      puppetlabs-stdlib (< 5.0.0, >= 2.1.0)
    puppetlabs-ntp (4.2.0)
      puppetlabs-stdlib (< 5.0.0, >= 4.6.0)
    puppetlabs-registry (1.1.3)
      puppetlabs-stdlib (>= 2.3.0)
    puppetlabs-stdlib (4.12.0)
    richardc-datacat (0.6.2)

DEPENDENCIES
  elasticsearch-elasticsearch (= 0.14.0)
  puppetlabs-apache (= 1.10.0)
  puppetlabs-motd (= 1.4.0)
  puppetlabs-ntp (= 4.2.0)
  puppetlabs-stdlib (= 4.12.0)

